FORGE
  remote: https://forgeapi.puppetlabs.com
  specs:
    puppet-archive (4.4.0)
      puppetlabs-stdlib (>= 4.18.0, < 7.0.0)
    puppet-cron (2.0.0)
    puppetlabs-stdlib (6.2.0)
    puppetlabs-yumrepo_core (1.0.6)

DEPENDENCIES
  puppet-archive (>= 0.4.4, < 7.0.0)
  puppet-cron (>= 1.3.1, < 3.0.0)
  puppetlabs-stdlib (>= 2.3.3, < 9.0.0)
  puppetlabs-yumrepo_core (>= 1.0.3, < 2.0.0)

